
Microsoft Visual Studio Solution File, Format Version 12.00
# Visual Studio Version 17
VisualStudioVersion = 17.14.36811.4
MinimumVisualStudioVersion = 10.0.40219.1
Project("{2150E333-8FDC-42A3-9474-1A3956D46DE8}") = "Chapter00", "Chapter00", "{DDB4EF12-CC4E-5E88-E6FC-71A802F4DE97}"
EndProject
Project("{2150E333-8FDC-42A3-9474-1A3956D46DE8}") = "Chapter01", "Chapter01", "{E6B8FC4D-42D9-45B8-AF8C-5756A24B7369}"
EndProject
Project("{2150E333-8FDC-42A3-9474-1A3956D46DE8}") = "Chapter02", "Chapter02", "{EFA9365F-E199-4AAD-919B-52AEE36554A0}"
EndProject
Project("{2150E333-8FDC-42A3-9474-1A3956D46DE8}") = "距離換算プログラム", "距離換算プログラム", "{4709A3F4-791D-44E1-86A3-89FEB29F86DB}"
EndProject
Project("{FAE04EC0-301F-11D3-BF4B-00C04F79EFBC}") = "DistanceConverter", "Chapter02\距離換算プログラム\DistanceConverter\DistanceConverter.csproj", "{9F3E3122-5474-4465-B771-585370F4A073}"
EndProject
Project("{2150E333-8FDC-42A3-9474-1A3956D46DE8}") = "Chapter04", "Chapter04", "{1A518755-85B9-4B2B-8A43-BFB0095F1C23}"
EndProject
Project("{2150E333-8FDC-42A3-9474-1A3956D46DE8}") = "P108_文字列を数値に変換", "P108_文字列を数値に変換", "{5BC133DD-3C45-4F69-A6F1-CE7D926A69F4}"
EndProject
Project("{FAE04EC0-301F-11D3-BF4B-00C04F79EFBC}") = "Code4_36", "Chapter04\P108_文字列を数値に変換\Code4_36\Code4_36.csproj", "{41EFB8DC-EA5C-2485-8DF4-9A6C357A513D}"
EndProject
Project("{2150E333-8FDC-42A3-9474-1A3956D46DE8}") = "売上集計プログラム", "売上集計プログラム", "{77E3D0BC-EDF8-43BE-A2BA-2678B0665A0B}"
EndProject
Project("{FAE04EC0-301F-11D3-BF4B-00C04F79EFBC}") = "SalesCalculator", "Chapter02\売上集計プログラム\SalesCalculator\SalesCalculator.csproj", "{66853E99-7DFF-4DC2-86B0-C4B9BE93D263}"
EndProject
Project("{2150E333-8FDC-42A3-9474-1A3956D46DE8}") = "演習問題", "演習問題", "{B183EE89-A3BB-457E-BB79-39A067092688}"
EndProject
Project("{FAE04EC0-301F-11D3-BF4B-00C04F79EFBC}") = "Exercise01", "Chapter02\演習問題\Exercise01\Exercise01.csproj", "{26788203-1053-4A30-A276-F3482667B343}"
EndProject
Project("{FAE04EC0-301F-11D3-BF4B-00C04F79EFBC}") = "Exercise02", "Chapter02\演習問題\Exercise02\Exercise02.csproj", "{D31DC7BF-923A-4186-878F-5E10B8B0FB31}"
EndProject
Project("{2150E333-8FDC-42A3-9474-1A3956D46DE8}") = "Chapter03", "Chapter03", "{CAC23AC5-0CC9-4142-977A-32B415218D41}"
EndProject
Project("{2150E333-8FDC-42A3-9474-1A3956D46DE8}") = "ラムダ式とLINQ", "ラムダ式とLINQ", "{72CFAB61-940D-4699-B02A-6806DFA574A3}"
EndProject
Project("{FAE04EC0-301F-11D3-BF4B-00C04F79EFBC}") = "Section01", "Chapter03\ラムダ式とLINQ\Section01\Section01.csproj", "{C1512AB3-42D0-4703-A218-2C34B1F87BAF}"
EndProject
Project("{FAE04EC0-301F-11D3-BF4B-00C04F79EFBC}") = "Section04", "Chapter03\ラムダ式とLINQ\Section04\Section04.csproj", "{5375013A-5A20-4E01-AE4D-892E4E207362}"
EndProject
Project("{2150E333-8FDC-42A3-9474-1A3956D46DE8}") = "演習問題", "演習問題", "{87BEE0BD-CC6A-4EE5-8A9C-C87AC7A1B078}"
EndProject
Project("{FAE04EC0-301F-11D3-BF4B-00C04F79EFBC}") = "Exercise01", "Chapter03\演習問題\Exercise01\Exercise01.csproj", "{5059FD67-129D-4D06-A4E1-01FDC8EADCED}"
EndProject
Project("{FAE04EC0-301F-11D3-BF4B-00C04F79EFBC}") = "Exercise02", "Chapter03\演習問題\Exercise02\Exercise02.csproj", "{9661600F-9E2E-EC39-AFA2-64DBC15CE967}"
EndProject
Project("{2150E333-8FDC-42A3-9474-1A3956D46DE8}") = "PO098_nullに関するイディオム", "PO098_nullに関するイディオム", "{8D3BC592-A3B8-47C3-BEBD-40811BE9D609}"
EndProject
Project("{FAE04EC0-301F-11D3-BF4B-00C04F79EFBC}") = "Section04", "Chapter04\P108_文字列を数値に変換\ConsoleApp1\ConsoleApp1\Section04.csproj", "{51EF3D15-96D7-4B80-B25F-3164EA0CF5AF}"
EndProject
Project("{2150E333-8FDC-42A3-9474-1A3956D46DE8}") = "演習問題", "演習問題", "{19936BE5-03F7-4213-93BB-E4D8F6277F92}"
EndProject
Project("{FAE04EC0-301F-11D3-BF4B-00C04F79EFBC}") = "Exercise02", "\\172.16.42.1\学生\2026_情報システム\オブジェクト指向プログラミングⅠ\P112問題4_2のプロジェクト\Exercise02\Exercise02\Exercise02.csproj", "{B9BACD40-D984-A53B-BA66-1EADA9274816}"
EndProject
Project("{FAE04EC0-301F-11D3-BF4B-00C04F79EFBC}") = "Exercise1", "Chapter04\演習問題\Exercise1\Exercise1.csproj", "{69793856-E529-23DF-6138-AF50A4B9A145}"
EndProject
Project("{2150E333-8FDC-42A3-9474-1A3956D46DE8}") = "Chapter05", "Chapter05", "{CD1C6B8D-EE9B-4B15-9A66-32352C263CC4}"
EndProject
Project("{2150E333-8FDC-42A3-9474-1A3956D46DE8}") = "プロパティーに関するイディオム", "プロパティーに関するイディオム", "{CF548E60-2F66-429F-8AC5-504B573688C0}"
EndProject
Project("{FAE04EC0-301F-11D3-BF4B-00C04F79EFBC}") = "Section01", "Chapter05\プロパティーに関するイディオム\Section01\Section01.csproj", "{3E1B8C24-2F34-4A1D-90A5-040DFB9ACCE7}"
EndProject
Global
	GlobalSection(SolutionConfigurationPlatforms) = preSolution
		Debug|Any CPU = Debug|Any CPU
		Release|Any CPU = Release|Any CPU
	EndGlobalSection
	GlobalSection(ProjectConfigurationPlatforms) = postSolution
		{9F3E3122-5474-4465-B771-585370F4A073}.Debug|Any CPU.ActiveCfg = Debug|Any CPU
		{9F3E3122-5474-4465-B771-585370F4A073}.Debug|Any CPU.Build.0 = Debug|Any CPU
		{9F3E3122-5474-4465-B771-585370F4A073}.Release|Any CPU.ActiveCfg = Release|Any CPU
		{9F3E3122-5474-4465-B771-585370F4A073}.Release|Any CPU.Build.0 = Release|Any CPU
		{41EFB8DC-EA5C-2485-8DF4-9A6C357A513D}.Debug|Any CPU.ActiveCfg = Debug|Any CPU
		{41EFB8DC-EA5C-2485-8DF4-9A6C357A513D}.Debug|Any CPU.Build.0 = Debug|Any CPU
		{41EFB8DC-EA5C-2485-8DF4-9A6C357A513D}.Release|Any CPU.ActiveCfg = Release|Any CPU
		{41EFB8DC-EA5C-2485-8DF4-9A6C357A513D}.Release|Any CPU.Build.0 = Release|Any CPU
		{66853E99-7DFF-4DC2-86B0-C4B9BE93D263}.Debug|Any CPU.ActiveCfg = Debug|Any CPU
		{66853E99-7DFF-4DC2-86B0-C4B9BE93D263}.Debug|Any CPU.Build.0 = Debug|Any CPU
		{66853E99-7DFF-4DC2-86B0-C4B9BE93D263}.Release|Any CPU.ActiveCfg = Release|Any CPU
		{66853E99-7DFF-4DC2-86B0-C4B9BE93D263}.Release|Any CPU.Build.0 = Release|Any CPU
		{26788203-1053-4A30-A276-F3482667B343}.Debug|Any CPU.ActiveCfg = Debug|Any CPU
		{26788203-1053-4A30-A276-F3482667B343}.Debug|Any CPU.Build.0 = Debug|Any CPU
		{26788203-1053-4A30-A276-F3482667B343}.Release|Any CPU.ActiveCfg = Release|Any CPU
		{26788203-1053-4A30-A276-F3482667B343}.Release|Any CPU.Build.0 = Release|Any CPU
		{D31DC7BF-923A-4186-878F-5E10B8B0FB31}.Debug|Any CPU.ActiveCfg = Debug|Any CPU
		{D31DC7BF-923A-4186-878F-5E10B8B0FB31}.Debug|Any CPU.Build.0 = Debug|Any CPU
		{D31DC7BF-923A-4186-878F-5E10B8B0FB31}.Release|Any CPU.ActiveCfg = Release|Any CPU
		{D31DC7BF-923A-4186-878F-5E10B8B0FB31}.Release|Any CPU.Build.0 = Release|Any CPU
		{C1512AB3-42D0-4703-A218-2C34B1F87BAF}.Debug|Any CPU.ActiveCfg = Debug|Any CPU
		{C1512AB3-42D0-4703-A218-2C34B1F87BAF}.Debug|Any CPU.Build.0 = Debug|Any CPU
		{C1512AB3-42D0-4703-A218-2C34B1F87BAF}.Release|Any CPU.ActiveCfg = Release|Any CPU
		{C1512AB3-42D0-4703-A218-2C34B1F87BAF}.Release|Any CPU.Build.0 = Release|Any CPU
		{5375013A-5A20-4E01-AE4D-892E4E207362}.Debug|Any CPU.ActiveCfg = Debug|Any CPU
		{5375013A-5A20-4E01-AE4D-892E4E207362}.Debug|Any CPU.Build.0 = Debug|Any CPU
		{5375013A-5A20-4E01-AE4D-892E4E207362}.Release|Any CPU.ActiveCfg = Release|Any CPU
		{5375013A-5A20-4E01-AE4D-892E4E207362}.Release|Any CPU.Build.0 = Release|Any CPU
		{5059FD67-129D-4D06-A4E1-01FDC8EADCED}.Debug|Any CPU.ActiveCfg = Debug|Any CPU
		{5059FD67-129D-4D06-A4E1-01FDC8EADCED}.Debug|Any CPU.Build.0 = Debug|Any CPU
		{5059FD67-129D-4D06-A4E1-01FDC8EADCED}.Release|Any CPU.ActiveCfg = Release|Any CPU
		{5059FD67-129D-4D06-A4E1-01FDC8EADCED}.Release|Any CPU.Build.0 = Release|Any CPU
		{9661600F-9E2E-EC39-AFA2-64DBC15CE967}.Debug|Any CPU.ActiveCfg = Debug|Any CPU
		{9661600F-9E2E-EC39-AFA2-64DBC15CE967}.Debug|Any CPU.Build.0 = Debug|Any CPU
		{9661600F-9E2E-EC39-AFA2-64DBC15CE967}.Release|Any CPU.ActiveCfg = Release|Any CPU
		{9661600F-9E2E-EC39-AFA2-64DBC15CE967}.Release|Any CPU.Build.0 = Release|Any CPU
		{51EF3D15-96D7-4B80-B25F-3164EA0CF5AF}.Debug|Any CPU.ActiveCfg = Debug|Any CPU
		{51EF3D15-96D7-4B80-B25F-3164EA0CF5AF}.Debug|Any CPU.Build.0 = Debug|Any CPU
		{51EF3D15-96D7-4B80-B25F-3164EA0CF5AF}.Release|Any CPU.ActiveCfg = Release|Any CPU
		{51EF3D15-96D7-4B80-B25F-3164EA0CF5AF}.Release|Any CPU.Build.0 = Release|Any CPU
		{B9BACD40-D984-A53B-BA66-1EADA9274816}.Debug|Any CPU.ActiveCfg = Debug|Any CPU
		{B9BACD40-D984-A53B-BA66-1EADA9274816}.Debug|Any CPU.Build.0 = Debug|Any CPU
		{B9BACD40-D984-A53B-BA66-1EADA9274816}.Release|Any CPU.ActiveCfg = Release|Any CPU
		{B9BACD40-D984-A53B-BA66-1EADA9274816}.Release|Any CPU.Build.0 = Release|Any CPU
		{69793856-E529-23DF-6138-AF50A4B9A145}.Debug|Any CPU.ActiveCfg = Debug|Any CPU
		{69793856-E529-23DF-6138-AF50A4B9A145}.Debug|Any CPU.Build.0 = Debug|Any CPU
		{69793856-E529-23DF-6138-AF50A4B9A145}.Release|Any CPU.ActiveCfg = Release|Any CPU
		{69793856-E529-23DF-6138-AF50A4B9A145}.Release|Any CPU.Build.0 = Release|Any CPU
		{3E1B8C24-2F34-4A1D-90A5-040DFB9ACCE7}.Debug|Any CPU.ActiveCfg = Debug|Any CPU
		{3E1B8C24-2F34-4A1D-90A5-040DFB9ACCE7}.Debug|Any CPU.Build.0 = Debug|Any CPU
		{3E1B8C24-2F34-4A1D-90A5-040DFB9ACCE7}.Release|Any CPU.ActiveCfg = Release|Any CPU
		{3E1B8C24-2F34-4A1D-90A5-040DFB9ACCE7}.Release|Any CPU.Build.0 = Release|Any CPU
	EndGlobalSection
	GlobalSection(SolutionProperties) = preSolution
		HideSolutionNode = FALSE
	EndGlobalSection
	GlobalSection(NestedProjects) = preSolution
		{4709A3F4-791D-44E1-86A3-89FEB29F86DB} = {EFA9365F-E199-4AAD-919B-52AEE36554A0}
		{9F3E3122-5474-4465-B771-585370F4A073} = {4709A3F4-791D-44E1-86A3-89FEB29F86DB}
		{5BC133DD-3C45-4F69-A6F1-CE7D926A69F4} = {1A518755-85B9-4B2B-8A43-BFB0095F1C23}
		{41EFB8DC-EA5C-2485-8DF4-9A6C357A513D} = {5BC133DD-3C45-4F69-A6F1-CE7D926A69F4}
		{77E3D0BC-EDF8-43BE-A2BA-2678B0665A0B} = {EFA9365F-E199-4AAD-919B-52AEE36554A0}
		{66853E99-7DFF-4DC2-86B0-C4B9BE93D263} = {77E3D0BC-EDF8-43BE-A2BA-2678B0665A0B}
		{B183EE89-A3BB-457E-BB79-39A067092688} = {EFA9365F-E199-4AAD-919B-52AEE36554A0}
		{26788203-1053-4A30-A276-F3482667B343} = {B183EE89-A3BB-457E-BB79-39A067092688}
		{D31DC7BF-923A-4186-878F-5E10B8B0FB31} = {B183EE89-A3BB-457E-BB79-39A067092688}
		{72CFAB61-940D-4699-B02A-6806DFA574A3} = {CAC23AC5-0CC9-4142-977A-32B415218D41}
		{C1512AB3-42D0-4703-A218-2C34B1F87BAF} = {72CFAB61-940D-4699-B02A-6806DFA574A3}
		{5375013A-5A20-4E01-AE4D-892E4E207362} = {72CFAB61-940D-4699-B02A-6806DFA574A3}
		{87BEE0BD-CC6A-4EE5-8A9C-C87AC7A1B078} = {CAC23AC5-0CC9-4142-977A-32B415218D41}
		{5059FD67-129D-4D06-A4E1-01FDC8EADCED} = {87BEE0BD-CC6A-4EE5-8A9C-C87AC7A1B078}
		{9661600F-9E2E-EC39-AFA2-64DBC15CE967} = {87BEE0BD-CC6A-4EE5-8A9C-C87AC7A1B078}
		{8D3BC592-A3B8-47C3-BEBD-40811BE9D609} = {1A518755-85B9-4B2B-8A43-BFB0095F1C23}
		{51EF3D15-96D7-4B80-B25F-3164EA0CF5AF} = {8D3BC592-A3B8-47C3-BEBD-40811BE9D609}
		{19936BE5-03F7-4213-93BB-E4D8F6277F92} = {1A518755-85B9-4B2B-8A43-BFB0095F1C23}
		{B9BACD40-D984-A53B-BA66-1EADA9274816} = {19936BE5-03F7-4213-93BB-E4D8F6277F92}
		{69793856-E529-23DF-6138-AF50A4B9A145} = {19936BE5-03F7-4213-93BB-E4D8F6277F92}
		{CF548E60-2F66-429F-8AC5-504B573688C0} = {CD1C6B8D-EE9B-4B15-9A66-32352C263CC4}
		{3E1B8C24-2F34-4A1D-90A5-040DFB9ACCE7} = {CF548E60-2F66-429F-8AC5-504B573688C0}
	EndGlobalSection
	GlobalSection(ExtensibilityGlobals) = postSolution
		SolutionGuid = {0537FBEE-AF8B-49A0-BEBF-F5279F0498E9}
	EndGlobalSection
EndGlobal
