
Microsoft Visual Studio Solution File, Format Version 12.00
# Visual Studio Version 17
VisualStudioVersion = 17.14.36811.4 d17.14
MinimumVisualStudioVersion = 10.0.40219.1
Project("{2150E333-8FDC-42A3-9474-1A3956D46DE8}") = "Chapter00", "Chapter00", "{DDB4EF12-CC4E-5E88-E6FC-71A802F4DE97}"
EndProject
Project("{2150E333-8FDC-42A3-9474-1A3956D46DE8}") = "Chapter01", "Chapter01", "{E6B8FC4D-42D9-45B8-AF8C-5756A24B7369}"
EndProject
Project("{2150E333-8FDC-42A3-9474-1A3956D46DE8}") = "Chapter02", "Chapter02", "{EFA9365F-E199-4AAD-919B-52AEE36554A0}"
EndProject
Project("{2150E333-8FDC-42A3-9474-1A3956D46DE8}") = "距離換算プログラム", "距離換算プログラム", "{4709A3F4-791D-44E1-86A3-89FEB29F86DB}"
EndProject
Project("{FAE04EC0-301F-11D3-BF4B-00C04F79EFBC}") = "DistanceConverter", "Chapter02\距離換算プログラム\DistanceConverter\DistanceConverter.csproj", "{9F3E3122-5474-4465-B771-585370F4A073}"
EndProject
Global
	GlobalSection(SolutionConfigurationPlatforms) = preSolution
		Debug|Any CPU = Debug|Any CPU
		Release|Any CPU = Release|Any CPU
	EndGlobalSection
	GlobalSection(ProjectConfigurationPlatforms) = postSolution
		{9F3E3122-5474-4465-B771-585370F4A073}.Debug|Any CPU.ActiveCfg = Debug|Any CPU
		{9F3E3122-5474-4465-B771-585370F4A073}.Debug|Any CPU.Build.0 = Debug|Any CPU
		{9F3E3122-5474-4465-B771-585370F4A073}.Release|Any CPU.ActiveCfg = Release|Any CPU
		{9F3E3122-5474-4465-B771-585370F4A073}.Release|Any CPU.Build.0 = Release|Any CPU
	EndGlobalSection
	GlobalSection(SolutionProperties) = preSolution
		HideSolutionNode = FALSE
	EndGlobalSection
	GlobalSection(NestedProjects) = preSolution
		{4709A3F4-791D-44E1-86A3-89FEB29F86DB} = {EFA9365F-E199-4AAD-919B-52AEE36554A0}
		{9F3E3122-5474-4465-B771-585370F4A073} = {4709A3F4-791D-44E1-86A3-89FEB29F86DB}
	EndGlobalSection
	GlobalSection(ExtensibilityGlobals) = postSolution
		SolutionGuid = {0537FBEE-AF8B-49A0-BEBF-F5279F0498E9}
	EndGlobalSection
EndGlobal
